
Microsoft Visual Studio Solution File, Format Version 12.00
# Visual Studio Version 17
VisualStudioVersion = 17.5.33414.496
MinimumVisualStudioVersion = 10.0.40219.1
Project("{FAE04EC0-301F-11D3-BF4B-00C04F79EFBC}") = "BTL", "BTL\BTL.csproj", "{50F72ADF-B544-43A1-B357-97149C9703F3}"
EndProject
Global
	GlobalSection(SolutionConfigurationPlatforms) = preSolution
		Debug|Any CPU = Debug|Any CPU
		Release|Any CPU = Release|Any CPU
	EndGlobalSection
	GlobalSection(ProjectConfigurationPlatforms) = postSolution
		{50F72ADF-B544-43A1-B357-97149C9703F3}.Debug|Any CPU.ActiveCfg = Debug|Any CPU
		{50F72ADF-B544-43A1-B357-97149C9703F3}.Debug|Any CPU.Build.0 = Debug|Any CPU
		{50F72ADF-B544-43A1-B357-97149C9703F3}.Release|Any CPU.ActiveCfg = Release|Any CPU
		{50F72ADF-B544-43A1-B357-97149C9703F3}.Release|Any CPU.Build.0 = Release|Any CPU
	EndGlobalSection
	GlobalSection(SolutionProperties) = preSolution
		HideSolutionNode = FALSE
	EndGlobalSection
	GlobalSection(ExtensibilityGlobals) = postSolution
		SolutionGuid = {B8BB77E0-EDF5-4940-ADC1-AE37DECFE18A}
	EndGlobalSection
EndGlobal
